
Microsoft Visual Studio Solution File, Format Version 12.00
# Visual Studio Version 16
VisualStudioVersion = 16.0.809.8
MinimumVisualStudioVersion = 10.0.40219.1
Project("{FAE04EC0-301F-11D3-BF4B-00C04F79EFBC}") = "dmegginson.asurity", "dmegginson.asurity\dmegginson.asurity.csproj", "{742F8625-FAC8-4285-B1E6-5BEF3D73C5F5}"
EndProject
Project("{FAE04EC0-301F-11D3-BF4B-00C04F79EFBC}") = "dmegginson.asurity.test", "dmegginson.asurity.test\dmegginson.asurity.test.csproj", "{AB06C542-666C-4754-9A4D-AC593717BD91}"
EndProject
Global
	GlobalSection(SolutionConfigurationPlatforms) = preSolution
		Debug|Any CPU = Debug|Any CPU
		Release|Any CPU = Release|Any CPU
	EndGlobalSection
	GlobalSection(ProjectConfigurationPlatforms) = postSolution
		{742F8625-FAC8-4285-B1E6-5BEF3D73C5F5}.Debug|Any CPU.ActiveCfg = Debug|Any CPU
		{742F8625-FAC8-4285-B1E6-5BEF3D73C5F5}.Debug|Any CPU.Build.0 = Debug|Any CPU
		{742F8625-FAC8-4285-B1E6-5BEF3D73C5F5}.Release|Any CPU.ActiveCfg = Release|Any CPU
		{742F8625-FAC8-4285-B1E6-5BEF3D73C5F5}.Release|Any CPU.Build.0 = Release|Any CPU
		{AB06C542-666C-4754-9A4D-AC593717BD91}.Debug|Any CPU.ActiveCfg = Debug|Any CPU
		{AB06C542-666C-4754-9A4D-AC593717BD91}.Debug|Any CPU.Build.0 = Debug|Any CPU
		{AB06C542-666C-4754-9A4D-AC593717BD91}.Release|Any CPU.ActiveCfg = Release|Any CPU
		{AB06C542-666C-4754-9A4D-AC593717BD91}.Release|Any CPU.Build.0 = Release|Any CPU
	EndGlobalSection
	GlobalSection(SolutionProperties) = preSolution
		HideSolutionNode = FALSE
	EndGlobalSection
	GlobalSection(ExtensibilityGlobals) = postSolution
		SolutionGuid = {0B582D8B-F25B-420E-B408-2680E78514DD}
	EndGlobalSection
EndGlobal
